// !$*UTF8*$!
{
	archiveVersion = 1;
	classes = {
	};
	objectVersion = 46;
	objects = {

/* Begin PBXBuildFile section */
		02E759E81EBB1ACE007F86FB /* main.m in Sources */ = {isa = PBXBuildFile; fileRef = 02E759E71EBB1ACE007F86FB /* main.m */; };
		02E759EB1EBB1ACE007F86FB /* AppDelegate.m in Sources */ = {isa = PBXBuildFile; fileRef = 02E759EA1EBB1ACE007F86FB /* AppDelegate.m */; };
		02E759F11EBB1ACE007F86FB /* Main.storyboard in Resources */ = {isa = PBXBuildFile; fileRef = 02E759EF1EBB1ACE007F86FB /* Main.storyboard */; };
		02E759F31EBB1ACE007F86FB /* Assets.xcassets in Resources */ = {isa = PBXBuildFile; fileRef = 02E759F21EBB1ACE007F86FB /* Assets.xcassets */; };
		02E759F61EBB1ACE007F86FB /* LaunchScreen.storyboard in Resources */ = {isa = PBXBuildFile; fileRef = 02E759F41EBB1ACE007F86FB /* LaunchScreen.storyboard */; };
		02E75A011EBB1ACE007F86FB /* _____DemoTests.m in Sources */ = {isa = PBXBuildFile; fileRef = 02E75A001EBB1ACE007F86FB /* _____DemoTests.m */; };
		02E75A0C1EBB1ACE007F86FB /* _____DemoUITests.m in Sources */ = {isa = PBXBuildFile; fileRef = 02E75A0B1EBB1ACE007F86FB /* _____DemoUITests.m */; };
		02E75A1B1EBB1E52007F86FB /* ZJMenuViewController.m in Sources */ = {isa = PBXBuildFile; fileRef = 02E75A1A1EBB1E52007F86FB /* ZJMenuViewController.m */; };
		02E75A1E1EBB2067007F86FB /* MenuView.m in Sources */ = {isa = PBXBuildFile; fileRef = 02E75A1D1EBB2067007F86FB /* MenuView.m */; };
/* End PBXBuildFile section */

/* Begin PBXContainerItemProxy section */
		02E759FD1EBB1ACE007F86FB /* PBXContainerItemProxy */ = {
			isa = PBXContainerItemProxy;
			containerPortal = 02E759DB1EBB1ACE007F86FB /* Project object */;
			proxyType = 1;
			remoteGlobalIDString = 02E759E21EBB1ACE007F86FB;
			remoteInfo = "购物菜单-Demo";
		};
		02E75A081EBB1ACE007F86FB /* PBXContainerItemProxy */ = {
			isa = PBXContainerItemProxy;
			containerPortal = 02E759DB1EBB1ACE007F86FB /* Project object */;
			proxyType = 1;
			remoteGlobalIDString = 02E759E21EBB1ACE007F86FB;
			remoteInfo = "购物菜单-Demo";
		};
/* End PBXContainerItemProxy section */

/* Begin PBXFileReference section */
		02E759E31EBB1ACE007F86FB /* 购物菜单-Demo.app */ = {isa = PBXFileReference; explicitFileType = wrapper.application; includeInIndex = 0; path = "购物菜单-Demo.app"; sourceTree = BUILT_PRODUCTS_DIR; };
		02E759E71EBB1ACE007F86FB /* main.m */ = {isa = PBXFileReference; lastKnownFileType = sourcecode.c.objc; path = main.m; sourceTree = "<group>"; };
		02E759E91EBB1ACE007F86FB /* AppDelegate.h */ = {isa = PBXFileReference; lastKnownFileType = sourcecode.c.h; path = AppDelegate.h; sourceTree = "<group>"; };
		02E759EA1EBB1ACE007F86FB /* AppDelegate.m */ = {isa = PBXFileReference; lastKnownFileType = sourcecode.c.objc; path = AppDelegate.m; sourceTree = "<group>"; };
		02E759F01EBB1ACE007F86FB /* Base */ = {isa = PBXFileReference; lastKnownFileType = file.storyboard; name = Base; path = Base.lproj/Main.storyboard; sourceTree = "<group>"; };
		02E759F21EBB1ACE007F86FB /* Assets.xcassets */ = {isa = PBXFileReference; lastKnownFileType = folder.assetcatalog; path = Assets.xcassets; sourceTree = "<group>"; };
		02E759F51EBB1ACE007F86FB /* Base */ = {isa = PBXFileReference; lastKnownFileType = file.storyboard; name = Base; path = Base.lproj/LaunchScreen.storyboard; sourceTree = "<group>"; };
		02E759F71EBB1ACE007F86FB /* Info.plist */ = {isa = PBXFileReference; lastKnownFileType = text.plist.xml; path = Info.plist; sourceTree = "<group>"; };
		02E759FC1EBB1ACE007F86FB /* 购物菜单-DemoTests.xctest */ = {isa = PBXFileReference; explicitFileType = wrapper.cfbundle; includeInIndex = 0; path = "购物菜单-DemoTests.xctest"; sourceTree = BUILT_PRODUCTS_DIR; };
		02E75A001EBB1ACE007F86FB /* _____DemoTests.m */ = {isa = PBXFileReference; lastKnownFileType = sourcecode.c.objc; path = "_____DemoTests.m"; sourceTree = "<group>"; };
		02E75A021EBB1ACE007F86FB /* Info.plist */ = {isa = PBXFileReference; lastKnownFileType = text.plist.xml; path = Info.plist; sourceTree = "<group>"; };
		02E75A071EBB1ACE007F86FB /* 购物菜单-DemoUITests.xctest */ = {isa = PBXFileReference; explicitFileType = wrapper.cfbundle; includeInIndex = 0; path = "购物菜单-DemoUITests.xctest"; sourceTree = BUILT_PRODUCTS_DIR; };
		02E75A0B1EBB1ACE007F86FB /* _____DemoUITests.m */ = {isa = PBXFileReference; lastKnownFileType = sourcecode.c.objc; path = "_____DemoUITests.m"; sourceTree = "<group>"; };
		02E75A0D1EBB1ACE007F86FB /* Info.plist */ = {isa = PBXFileReference; lastKnownFileType = text.plist.xml; path = Info.plist; sourceTree = "<group>"; };
		02E75A191EBB1E52007F86FB /* ZJMenuViewController.h */ = {isa = PBXFileReference; fileEncoding = 4; lastKnownFileType = sourcecode.c.h; path = ZJMenuViewController.h; sourceTree = "<group>"; };
		02E75A1A1EBB1E52007F86FB /* ZJMenuViewController.m */ = {isa = PBXFileReference; fileEncoding = 4; lastKnownFileType = sourcecode.c.objc; path = ZJMenuViewController.m; sourceTree = "<group>"; };
		02E75A1C1EBB2067007F86FB /* MenuView.h */ = {isa = PBXFileReference; fileEncoding = 4; lastKnownFileType = sourcecode.c.h; path = MenuView.h; sourceTree = "<group>"; };
		02E75A1D1EBB2067007F86FB /* MenuView.m */ = {isa = PBXFileReference; fileEncoding = 4; lastKnownFileType = sourcecode.c.objc; path = MenuView.m; sourceTree = "<group>"; };
/* End PBXFileReference section */

/* Begin PBXFrameworksBuildPhase section */
		02E759E01EBB1ACE007F86FB /* Frameworks */ = {
			isa = PBXFrameworksBuildPhase;
			buildActionMask = 2147483647;
			files = (
			);
			runOnlyForDeploymentPostprocessing = 0;
		};
		02E759F91EBB1ACE007F86FB /* Frameworks */ = {
			isa = PBXFrameworksBuildPhase;
			buildActionMask = 2147483647;
			files = (
			);
			runOnlyForDeploymentPostprocessing = 0;
		};
		02E75A041EBB1ACE007F86FB /* Frameworks */ = {
			isa = PBXFrameworksBuildPhase;
			buildActionMask = 2147483647;
			files = (
			);
			runOnlyForDeploymentPostprocessing = 0;
		};
/* End PBXFrameworksBuildPhase section */

/* Begin PBXGroup section */
		02E759DA1EBB1ACE007F86FB = {
			isa = PBXGroup;
			children = (
				02E759E51EBB1ACE007F86FB /* 购物菜单-Demo */,
				02E759FF1EBB1ACE007F86FB /* 购物菜单-DemoTests */,
				02E75A0A1EBB1ACE007F86FB /* 购物菜单-DemoUITests */,
				02E759E41EBB1ACE007F86FB /* Products */,
			);
			sourceTree = "<group>";
		};
		02E759E41EBB1ACE007F86FB /* Products */ = {
			isa = PBXGroup;
			children = (
				02E759E31EBB1ACE007F86FB /* 购物菜单-Demo.app */,
				02E759FC1EBB1ACE007F86FB /* 购物菜单-DemoTests.xctest */,
				02E75A071EBB1ACE007F86FB /* 购物菜单-DemoUITests.xctest */,
			);
			name = Products;
			sourceTree = "<group>";
		};
		02E759E51EBB1ACE007F86FB /* 购物菜单-Demo */ = {
			isa = PBXGroup;
			children = (
				02E759E91EBB1ACE007F86FB /* AppDelegate.h */,
				02E759EA1EBB1ACE007F86FB /* AppDelegate.m */,
				02E75A191EBB1E52007F86FB /* ZJMenuViewController.h */,
				02E75A1A1EBB1E52007F86FB /* ZJMenuViewController.m */,
				02E75A1C1EBB2067007F86FB /* MenuView.h */,
				02E75A1D1EBB2067007F86FB /* MenuView.m */,
				02E759EF1EBB1ACE007F86FB /* Main.storyboard */,
				02E759F21EBB1ACE007F86FB /* Assets.xcassets */,
				02E759F41EBB1ACE007F86FB /* LaunchScreen.storyboard */,
				02E759F71EBB1ACE007F86FB /* Info.plist */,
				02E759E61EBB1ACE007F86FB /* Supporting Files */,
			);
			path = "购物菜单-Demo";
			sourceTree = "<group>";
		};
		02E759E61EBB1ACE007F86FB /* Supporting Files */ = {
			isa = PBXGroup;
			children = (
				02E759E71EBB1ACE007F86FB /* main.m */,
			);
			name = "Supporting Files";
			sourceTree = "<group>";
		};
		02E759FF1EBB1ACE007F86FB /* 购物菜单-DemoTests */ = {
			isa = PBXGroup;
			children = (
				02E75A001EBB1ACE007F86FB /* _____DemoTests.m */,
				02E75A021EBB1ACE007F86FB /* Info.plist */,
			);
			path = "购物菜单-DemoTests";
			sourceTree = "<group>";
		};
		02E75A0A1EBB1ACE007F86FB /* 购物菜单-DemoUITests */ = {
			isa = PBXGroup;
			children = (
				02E75A0B1EBB1ACE007F86FB /* _____DemoUITests.m */,
				02E75A0D1EBB1ACE007F86FB /* Info.plist */,
			);
			path = "购物菜单-DemoUITests";
			sourceTree = "<group>";
		};
/* End PBXGroup section */

/* Begin PBXNativeTarget section */
		02E759E21EBB1ACE007F86FB /* 购物菜单-Demo */ = {
			isa = PBXNativeTarget;
			buildConfigurationList = 02E75A101EBB1ACE007F86FB /* Build configuration list for PBXNativeTarget "购物菜单-Demo" */;
			buildPhases = (
				02E759DF1EBB1ACE007F86FB /* Sources */,
				02E759E01EBB1ACE007F86FB /* Frameworks */,
				02E759E11EBB1ACE007F86FB /* Resources */,
			);
			buildRules = (
			);
			dependencies = (
			);
			name = "购物菜单-Demo";
			productName = "购物菜单-Demo";
			productReference = 02E759E31EBB1ACE007F86FB /* 购物菜单-Demo.app */;
			productType = "com.apple.product-type.application";
		};
		02E759FB1EBB1ACE007F86FB /* 购物菜单-DemoTests */ = {
			isa = PBXNativeTarget;
			buildConfigurationList = 02E75A131EBB1ACE007F86FB /* Build configuration list for PBXNativeTarget "购物菜单-DemoTests" */;
			buildPhases = (
				02E759F81EBB1ACE007F86FB /* Sources */,
				02E759F91EBB1ACE007F86FB /* Frameworks */,
				02E759FA1EBB1ACE007F86FB /* Resources */,
			);
			buildRules = (
			);
			dependencies = (
				02E759FE1EBB1ACE007F86FB /* PBXTargetDependency */,
			);
			name = "购物菜单-DemoTests";
			productName = "购物菜单-DemoTests";
			productReference = 02E759FC1EBB1ACE007F86FB /* 购物菜单-DemoTests.xctest */;
			productType = "com.apple.product-type.bundle.unit-test";
		};
		02E75A061EBB1ACE007F86FB /* 购物菜单-DemoUITests */ = {
			isa = PBXNativeTarget;
			buildConfigurationList = 02E75A161EBB1ACE007F86FB /* Build configuration list for PBXNativeTarget "购物菜单-DemoUITests" */;
			buildPhases = (
				02E75A031EBB1ACE007F86FB /* Sources */,
				02E75A041EBB1ACE007F86FB /* Frameworks */,
				02E75A051EBB1ACE007F86FB /* Resources */,
			);
			buildRules = (
			);
			dependencies = (
				02E75A091EBB1ACE007F86FB /* PBXTargetDependency */,
			);
			name = "购物菜单-DemoUITests";
			productName = "购物菜单-DemoUITests";
			productReference = 02E75A071EBB1ACE007F86FB /* 购物菜单-DemoUITests.xctest */;
			productType = "com.apple.product-type.bundle.ui-testing";
		};
/* End PBXNativeTarget section */

/* Begin PBXProject section */
		02E759DB1EBB1ACE007F86FB /* Project object */ = {
			isa = PBXProject;
			attributes = {
				LastUpgradeCheck = 0830;
				ORGANIZATIONNAME = JuZiShu;
				TargetAttributes = {
					02E759E21EBB1ACE007F86FB = {
						CreatedOnToolsVersion = 8.3.2;
						DevelopmentTeam = JR4HRCKAPD;
						ProvisioningStyle = Automatic;
					};
					02E759FB1EBB1ACE007F86FB = {
						CreatedOnToolsVersion = 8.3.2;
						DevelopmentTeam = JR4HRCKAPD;
						ProvisioningStyle = Automatic;
						TestTargetID = 02E759E21EBB1ACE007F86FB;
					};
					02E75A061EBB1ACE007F86FB = {
						CreatedOnToolsVersion = 8.3.2;
						DevelopmentTeam = JR4HRCKAPD;
						ProvisioningStyle = Automatic;
						TestTargetID = 02E759E21EBB1ACE007F86FB;
					};
				};
			};
			buildConfigurationList = 02E759DE1EBB1ACE007F86FB /* Build configuration list for PBXProject "购物菜单-Demo" */;
			compatibilityVersion = "Xcode 3.2";
			developmentRegion = English;
			hasScannedForEncodings = 0;
			knownRegions = (
				en,
				Base,
			);
			mainGroup = 02E759DA1EBB1ACE007F86FB;
			productRefGroup = 02E759E41EBB1ACE007F86FB /* Products */;
			projectDirPath = "";
			projectRoot = "";
			targets = (
				02E759E21EBB1ACE007F86FB /* 购物菜单-Demo */,
				02E759FB1EBB1ACE007F86FB /* 购物菜单-DemoTests */,
				02E75A061EBB1ACE007F86FB /* 购物菜单-DemoUITests */,
			);
		};
/* End PBXProject section */

/* Begin PBXResourcesBuildPhase section */
		02E759E11EBB1ACE007F86FB /* Resources */ = {
			isa = PBXResourcesBuildPhase;
			buildActionMask = 2147483647;
			files = (
				02E759F61EBB1ACE007F86FB /* LaunchScreen.storyboard in Resources */,
				02E759F31EBB1ACE007F86FB /* Assets.xcassets in Resources */,
				02E759F11EBB1ACE007F86FB /* Main.storyboard in Resources */,
			);
			runOnlyForDeploymentPostprocessing = 0;
		};
		02E759FA1EBB1ACE007F86FB /* Resources */ = {
			isa = PBXResourcesBuildPhase;
			buildActionMask = 2147483647;
			files = (
			);
			runOnlyForDeploymentPostprocessing = 0;
		};
		02E75A051EBB1ACE007F86FB /* Resources */ = {
			isa = PBXResourcesBuildPhase;
			buildActionMask = 2147483647;
			files = (
			);
			runOnlyForDeploymentPostprocessing = 0;
		};
/* End PBXResourcesBuildPhase section */

/* Begin PBXSourcesBuildPhase section */
		02E759DF1EBB1ACE007F86FB /* Sources */ = {
			isa = PBXSourcesBuildPhase;
			buildActionMask = 2147483647;
			files = (
				02E759EB1EBB1ACE007F86FB /* AppDelegate.m in Sources */,
				02E75A1E1EBB2067007F86FB /* MenuView.m in Sources */,
				02E75A1B1EBB1E52007F86FB /* ZJMenuViewController.m in Sources */,
				02E759E81EBB1ACE007F86FB /* main.m in Sources */,
			);
			runOnlyForDeploymentPostprocessing = 0;
		};
		02E759F81EBB1ACE007F86FB /* Sources */ = {
			isa = PBXSourcesBuildPhase;
			buildActionMask = 2147483647;
			files = (
				02E75A011EBB1ACE007F86FB /* _____DemoTests.m in Sources */,
			);
			runOnlyForDeploymentPostprocessing = 0;
		};
		02E75A031EBB1ACE007F86FB /* Sources */ = {
			isa = PBXSourcesBuildPhase;
			buildActionMask = 2147483647;
			files = (
				02E75A0C1EBB1ACE007F86FB /* _____DemoUITests.m in Sources */,
			);
			runOnlyForDeploymentPostprocessing = 0;
		};
/* End PBXSourcesBuildPhase section */

/* Begin PBXTargetDependency section */
		02E759FE1EBB1ACE007F86FB /* PBXTargetDependency */ = {
			isa = PBXTargetDependency;
			target = 02E759E21EBB1ACE007F86FB /* 购物菜单-Demo */;
			targetProxy = 02E759FD1EBB1ACE007F86FB /* PBXContainerItemProxy */;
		};
		02E75A091EBB1ACE007F86FB /* PBXTargetDependency */ = {
			isa = PBXTargetDependency;
			target = 02E759E21EBB1ACE007F86FB /* 购物菜单-Demo */;
			targetProxy = 02E75A081EBB1ACE007F86FB /* PBXContainerItemProxy */;
		};
/* End PBXTargetDependency section */

/* Begin PBXVariantGroup section */
		02E759EF1EBB1ACE007F86FB /* Main.storyboard */ = {
			isa = PBXVariantGroup;
			children = (
				02E759F01EBB1ACE007F86FB /* Base */,
			);
			name = Main.storyboard;
			sourceTree = "<group>";
		};
		02E759F41EBB1ACE007F86FB /* LaunchScreen.storyboard */ = {
			isa = PBXVariantGroup;
			children = (
				02E759F51EBB1ACE007F86FB /* Base */,
			);
			name = LaunchScreen.storyboard;
			sourceTree = "<group>";
		};
/* End PBXVariantGroup section */

/* Begin XCBuildConfiguration section */
		02E75A0E1EBB1ACE007F86FB /* Debug */ = {
			isa = XCBuildConfiguration;
			buildSettings = {
				ALWAYS_SEARCH_USER_PATHS = NO;
				CLANG_ANALYZER_NONNULL = YES;
				CLANG_ANALYZER_NUMBER_OBJECT_CONVERSION = YES_AGGRESSIVE;
				CLANG_CXX_LANGUAGE_STANDARD = "gnu++0x";
				CLANG_CXX_LIBRARY = "libc++";
				CLANG_ENABLE_MODULES = YES;
				CLANG_ENABLE_OBJC_ARC = YES;
				CLANG_WARN_BOOL_CONVERSION = YES;
				CLANG_WARN_CONSTANT_CONVERSION = YES;
				CLANG_WARN_DIRECT_OBJC_ISA_USAGE = YES_ERROR;
				CLANG_WARN_DOCUMENTATION_COMMENTS = YES;
				CLANG_WARN_EMPTY_BODY = YES;
				CLANG_WARN_ENUM_CONVERSION = YES;
				CLANG_WARN_INFINITE_RECURSION = YES;
				CLANG_WARN_INT_CONVERSION = YES;
				CLANG_WARN_OBJC_ROOT_CLASS = YES_ERROR;
				CLANG_WARN_SUSPICIOUS_MOVE = YES;
				CLANG_WARN_UNREACHABLE_CODE = YES;
				CLANG_WARN__DUPLICATE_METHOD_MATCH = YES;
				"CODE_SIGN_IDENTITY[sdk=iphoneos*]" = "iPhone Developer";
				COPY_PHASE_STRIP = NO;
				DEBUG_INFORMATION_FORMAT = dwarf;
				ENABLE_STRICT_OBJC_MSGSEND = YES;
				ENABLE_TESTABILITY = YES;
				GCC_C_LANGUAGE_STANDARD = gnu99;
				GCC_DYNAMIC_NO_PIC = NO;
				GCC_NO_COMMON_BLOCKS = YES;
				GCC_OPTIMIZATION_LEVEL = 0;
				GCC_PREPROCESSOR_DEFINITIONS = (
					"DEBUG=1",
					"$(inherited)",
				);
				GCC_WARN_64_TO_32_BIT_CONVERSION = YES;
				GCC_WARN_ABOUT_RETURN_TYPE = YES_ERROR;
				GCC_WARN_UNDECLARED_SELECTOR = YES;
				GCC_WARN_UNINITIALIZED_AUTOS = YES_AGGRESSIVE;
				GCC_WARN_UNUSED_FUNCTION = YES;
				GCC_WARN_UNUSED_VARIABLE = YES;
				IPHONEOS_DEPLOYMENT_TARGET = 10.3;
				MTL_ENABLE_DEBUG_INFO = YES;
				ONLY_ACTIVE_ARCH = YES;
				SDKROOT = iphoneos;
			};
			name = Debug;
		};
		02E75A0F1EBB1ACE007F86FB /* Release */ = {
			isa = XCBuildConfiguration;
			buildSettings = {
				ALWAYS_SEARCH_USER_PATHS = NO;
				CLANG_ANALYZER_NONNULL = YES;
				CLANG_ANALYZER_NUMBER_OBJECT_CONVERSION = YES_AGGRESSIVE;
				CLANG_CXX_LANGUAGE_STANDARD = "gnu++0x";
				CLANG_CXX_LIBRARY = "libc++";
				CLANG_ENABLE_MODULES = YES;
				CLANG_ENABLE_OBJC_ARC = YES;
				CLANG_WARN_BOOL_CONVERSION = YES;
				CLANG_WARN_CONSTANT_CONVERSION = YES;
				CLANG_WARN_DIRECT_OBJC_ISA_USAGE = YES_ERROR;
				CLANG_WARN_DOCUMENTATION_COMMENTS = YES;
				CLANG_WARN_EMPTY_BODY = YES;
				CLANG_WARN_ENUM_CONVERSION = YES;
				CLANG_WARN_INFINITE_RECURSION = YES;
				CLANG_WARN_INT_CONVERSION = YES;
				CLANG_WARN_OBJC_ROOT_CLASS = YES_ERROR;
				CLANG_WARN_SUSPICIOUS_MOVE = YES;
				CLANG_WARN_UNREACHABLE_CODE = YES;
				CLANG_WARN__DUPLICATE_METHOD_MATCH = YES;
				"CODE_SIGN_IDENTITY[sdk=iphoneos*]" = "iPhone Developer";
				COPY_PHASE_STRIP = NO;
				DEBUG_INFORMATION_FORMAT = "dwarf-with-dsym";
				ENABLE_NS_ASSERTIONS = NO;
				ENABLE_STRICT_OBJC_MSGSEND = YES;
				GCC_C_LANGUAGE_STANDARD = gnu99;
				GCC_NO_COMMON_BLOCKS = YES;
				GCC_WARN_64_TO_32_BIT_CONVERSION = YES;
				GCC_WARN_ABOUT_RETURN_TYPE = YES_ERROR;
				GCC_WARN_UNDECLARED_SELECTOR = YES;
				GCC_WARN_UNINITIALIZED_AUTOS = YES_AGGRESSIVE;
				GCC_WARN_UNUSED_FUNCTION = YES;
				GCC_WARN_UNUSED_VARIABLE = YES;
				IPHONEOS_DEPLOYMENT_TARGET = 10.3;
				MTL_ENABLE_DEBUG_INFO = NO;
				SDKROOT = iphoneos;
				VALIDATE_PRODUCT = YES;
			};
			name = Release;
		};
		02E75A111EBB1ACE007F86FB /* Debug */ = {
			isa = XCBuildConfiguration;
			buildSettings = {
				ASSETCATALOG_COMPILER_APPICON_NAME = AppIcon;
				DEVELOPMENT_TEAM = JR4HRCKAPD;
				INFOPLIST_FILE = "购物菜单-Demo/Info.plist";
				LD_RUNPATH_SEARCH_PATHS = "$(inherited) @executable_path/Frameworks";
				PRODUCT_BUNDLE_IDENTIFIER = "com.zj.-----Demo";
				PRODUCT_NAME = "$(TARGET_NAME)";
			};
			name = Debug;
		};
		02E75A121EBB1ACE007F86FB /* Release */ = {
			isa = XCBuildConfiguration;
			buildSettings = {
				ASSETCATALOG_COMPILER_APPICON_NAME = AppIcon;
				DEVELOPMENT_TEAM = JR4HRCKAPD;
				INFOPLIST_FILE = "购物菜单-Demo/Info.plist";
				LD_RUNPATH_SEARCH_PATHS = "$(inherited) @executable_path/Frameworks";
				PRODUCT_BUNDLE_IDENTIFIER = "com.zj.-----Demo";
				PRODUCT_NAME = "$(TARGET_NAME)";
			};
			name = Release;
		};
		02E75A141EBB1ACE007F86FB /* Debug */ = {
			isa = XCBuildConfiguration;
			buildSettings = {
				BUNDLE_LOADER = "$(TEST_HOST)";
				DEVELOPMENT_TEAM = JR4HRCKAPD;
				INFOPLIST_FILE = "购物菜单-DemoTests/Info.plist";
				LD_RUNPATH_SEARCH_PATHS = "$(inherited) @executable_path/Frameworks @loader_path/Frameworks";
				PRODUCT_BUNDLE_IDENTIFIER = "com.zj.-----DemoTests";
				PRODUCT_NAME = "$(TARGET_NAME)";
				TEST_HOST = "$(BUILT_PRODUCTS_DIR)/购物菜单-Demo.app/购物菜单-Demo";
			};
			name = Debug;
		};
		02E75A151EBB1ACE007F86FB /* Release */ = {
			isa = XCBuildConfiguration;
			buildSettings = {
				BUNDLE_LOADER = "$(TEST_HOST)";
				DEVELOPMENT_TEAM = JR4HRCKAPD;
				INFOPLIST_FILE = "购物菜单-DemoTests/Info.plist";
				LD_RUNPATH_SEARCH_PATHS = "$(inherited) @executable_path/Frameworks @loader_path/Frameworks";
				PRODUCT_BUNDLE_IDENTIFIER = "com.zj.-----DemoTests";
				PRODUCT_NAME = "$(TARGET_NAME)";
				TEST_HOST = "$(BUILT_PRODUCTS_DIR)/购物菜单-Demo.app/购物菜单-Demo";
			};
			name = Release;
		};
		02E75A171EBB1ACE007F86FB /* Debug */ = {
			isa = XCBuildConfiguration;
			buildSettings = {
				DEVELOPMENT_TEAM = JR4HRCKAPD;
				INFOPLIST_FILE = "购物菜单-DemoUITests/Info.plist";
				LD_RUNPATH_SEARCH_PATHS = "$(inherited) @executable_path/Frameworks @loader_path/Frameworks";
				PRODUCT_BUNDLE_IDENTIFIER = "com.zj.-----DemoUITests";
				PRODUCT_NAME = "$(TARGET_NAME)";
				TEST_TARGET_NAME = "购物菜单-Demo";
			};
			name = Debug;
		};
		02E75A181EBB1ACE007F86FB /* Release */ = {
			isa = XCBuildConfiguration;
			buildSettings = {
				DEVELOPMENT_TEAM = JR4HRCKAPD;
				INFOPLIST_FILE = "购物菜单-DemoUITests/Info.plist";
				LD_RUNPATH_SEARCH_PATHS = "$(inherited) @executable_path/Frameworks @loader_path/Frameworks";
				PRODUCT_BUNDLE_IDENTIFIER = "com.zj.-----DemoUITests";
				PRODUCT_NAME = "$(TARGET_NAME)";
				TEST_TARGET_NAME = "购物菜单-Demo";
			};
			name = Release;
		};
/* End XCBuildConfiguration section */

/* Begin XCConfigurationList section */
		02E759DE1EBB1ACE007F86FB /* Build configuration list for PBXProject "购物菜单-Demo" */ = {
			isa = XCConfigurationList;
			buildConfigurations = (
				02E75A0E1EBB1ACE007F86FB /* Debug */,
				02E75A0F1EBB1ACE007F86FB /* Release */,
			);
			defaultConfigurationIsVisible = 0;
			defaultConfigurationName = Release;
		};
		02E75A101EBB1ACE007F86FB /* Build configuration list for PBXNativeTarget "购物菜单-Demo" */ = {
			isa = XCConfigurationList;
			buildConfigurations = (
				02E75A111EBB1ACE007F86FB /* Debug */,
				02E75A121EBB1ACE007F86FB /* Release */,
			);
			defaultConfigurationIsVisible = 0;
		};
		02E75A131EBB1ACE007F86FB /* Build configuration list for PBXNativeTarget "购物菜单-DemoTests" */ = {
			isa = XCConfigurationList;
			buildConfigurations = (
				02E75A141EBB1ACE007F86FB /* Debug */,
				02E75A151EBB1ACE007F86FB /* Release */,
			);
			defaultConfigurationIsVisible = 0;
		};
		02E75A161EBB1ACE007F86FB /* Build configuration list for PBXNativeTarget "购物菜单-DemoUITests" */ = {
			isa = XCConfigurationList;
			buildConfigurations = (
				02E75A171EBB1ACE007F86FB /* Debug */,
				02E75A181EBB1ACE007F86FB /* Release */,
			);
			defaultConfigurationIsVisible = 0;
		};
/* End XCConfigurationList section */
	};
	rootObject = 02E759DB1EBB1ACE007F86FB /* Project object */;
}
